<Solution>
  <Configurations>
    <Platform Name="x64" />
  </Configurations>
  <Folder Name="/Solution Items/">
    <File Path="AGENTS.md" />
  </Folder>
  <Project Path="LuminaCpp\LuminaCpp.vcxproj" />
  <Project Path="LuminaShell\LuminaShell.vcxproj" Id="4a2b7f3c-1d8e-4c5a-b2d3-7e8f9a0b1c2d" />
</Solution>
